Microsoft Visual Studio Solution File, Format Version 12.00
# Visual Studio Version 17
VisualStudioVersion = 17.5.2.0
MinimumVisualStudioVersion = 10.0.40219.1
Project("{FAE04EC0-301F-11D3-BF4B-00C04F79EFBC}") = "Firestone_bot", "Firestone_bot.csproj", "{415059A7-065A-D496-251A-6C98D373D72B}"
EndProject
Global
	GlobalSection(SolutionConfigurationPlatforms) = preSolution
		Debug|Any CPU = Debug|Any CPU
		Release|Any CPU = Release|Any CPU
	EndGlobalSection
	GlobalSection(ProjectConfigurationPlatforms) = postSolution
		{415059A7-065A-D496-251A-6C98D373D72B}.Debug|Any CPU.ActiveCfg = Debug|Any CPU
		{415059A7-065A-D496-251A-6C98D373D72B}.Debug|Any CPU.Build.0 = Debug|Any CPU
		{415059A7-065A-D496-251A-6C98D373D72B}.Release|Any CPU.ActiveCfg = Release|Any CPU
		{415059A7-065A-D496-251A-6C98D373D72B}.Release|Any CPU.Build.0 = Release|Any CPU
	EndGlobalSection
	GlobalSection(SolutionProperties) = preSolution
		HideSolutionNode = FALSE
	EndGlobalSection
	GlobalSection(ExtensibilityGlobals) = postSolution
		SolutionGuid = {60A5E428-4C92-4942-B2A4-2A49B1FD1421}
	EndGlobalSection
EndGlobal
